
Microsoft Visual Studio Solution File, Format Version 11.00
# Visual Studio 2010
Project("{FAE04EC0-301F-11D3-BF4B-00C04F79EFBC}") = "AndroidHybrid", "AndroidHybrid\AndroidHybrid.csproj", "{D808FB7A-4A4D-4FF1-959D-9207186617CF}"
EndProject
Global
	GlobalSection(SolutionConfigurationPlatforms) = preSolution
		Debug|Any CPU = Debug|Any CPU
		Release|Any CPU = Release|Any CPU
	EndGlobalSection
	GlobalSection(ProjectConfigurationPlatforms) = postSolution
		{D808FB7A-4A4D-4FF1-959D-9207186617CF}.Debug|Any CPU.ActiveCfg = Debug|Any CPU
		{D808FB7A-4A4D-4FF1-959D-9207186617CF}.Debug|Any CPU.Build.0 = Debug|Any CPU
		{D808FB7A-4A4D-4FF1-959D-9207186617CF}.Release|Any CPU.ActiveCfg = Release|Any CPU
		{D808FB7A-4A4D-4FF1-959D-9207186617CF}.Release|Any CPU.Build.0 = Release|Any CPU
	EndGlobalSection
	GlobalSection(MonoDevelopProperties) = preSolution
		StartupItem = AndroidHybrid\AndroidHybrid.csproj
	EndGlobalSection
EndGlobal
