
Microsoft Visual Studio Solution File, Format Version 11.00
# Visual Studio 2010
Project("{FAE04EC0-301F-11D3-BF4B-00C04F79EFBC}") = "iPadHybrid", "iPadHybrid\iPadHybrid.csproj", "{DCF6A1A4-25F2-49C8-98B0-73DAC652BCC9}"
EndProject
Global
	GlobalSection(SolutionConfigurationPlatforms) = preSolution
		Debug|iPhoneSimulator = Debug|iPhoneSimulator
		Release|iPhoneSimulator = Release|iPhoneSimulator
		Debug|iPhone = Debug|iPhone
		Release|iPhone = Release|iPhone
		Ad-Hoc|iPhone = Ad-Hoc|iPhone
		AppStore|iPhone = AppStore|iPhone
	EndGlobalSection
	GlobalSection(ProjectConfigurationPlatforms) = postSolution
		{DCF6A1A4-25F2-49C8-98B0-73DAC652BCC9}.Ad-Hoc|iPhone.ActiveCfg = Ad-Hoc|iPhone
		{DCF6A1A4-25F2-49C8-98B0-73DAC652BCC9}.Ad-Hoc|iPhone.Build.0 = Ad-Hoc|iPhone
		{DCF6A1A4-25F2-49C8-98B0-73DAC652BCC9}.AppStore|iPhone.ActiveCfg = AppStore|iPhone
		{DCF6A1A4-25F2-49C8-98B0-73DAC652BCC9}.AppStore|iPhone.Build.0 = AppStore|iPhone
		{DCF6A1A4-25F2-49C8-98B0-73DAC652BCC9}.Debug|iPhone.ActiveCfg = Debug|iPhone
		{DCF6A1A4-25F2-49C8-98B0-73DAC652BCC9}.Debug|iPhone.Build.0 = Debug|iPhone
		{DCF6A1A4-25F2-49C8-98B0-73DAC652BCC9}.Debug|iPhoneSimulator.ActiveCfg = Debug|iPhoneSimulator
		{DCF6A1A4-25F2-49C8-98B0-73DAC652BCC9}.Debug|iPhoneSimulator.Build.0 = Debug|iPhoneSimulator
		{DCF6A1A4-25F2-49C8-98B0-73DAC652BCC9}.Release|iPhone.ActiveCfg = Release|iPhone
		{DCF6A1A4-25F2-49C8-98B0-73DAC652BCC9}.Release|iPhone.Build.0 = Release|iPhone
		{DCF6A1A4-25F2-49C8-98B0-73DAC652BCC9}.Release|iPhoneSimulator.ActiveCfg = Release|iPhoneSimulator
		{DCF6A1A4-25F2-49C8-98B0-73DAC652BCC9}.Release|iPhoneSimulator.Build.0 = Release|iPhoneSimulator
	EndGlobalSection
	GlobalSection(MonoDevelopProperties) = preSolution
		StartupItem = iPadHybrid\iPadHybrid.csproj
	EndGlobalSection
EndGlobal
