
Microsoft Visual Studio Solution File, Format Version 11.00
# Visual Studio 2010
Project("{FAE04EC0-301F-11D3-BF4B-00C04F79EFBC}") = "iPhoneHybrid", "iPhoneHybrid\iPhoneHybrid.csproj", "{3D0EFFB6-8DA0-4C87-B367-43660A36F321}"
EndProject
Global
	GlobalSection(SolutionConfigurationPlatforms) = preSolution
		Debug|iPhoneSimulator = Debug|iPhoneSimulator
		Release|iPhoneSimulator = Release|iPhoneSimulator
		Debug|iPhone = Debug|iPhone
		Release|iPhone = Release|iPhone
		Ad-Hoc|iPhone = Ad-Hoc|iPhone
		AppStore|iPhone = AppStore|iPhone
	EndGlobalSection
	GlobalSection(ProjectConfigurationPlatforms) = postSolution
		{3D0EFFB6-8DA0-4C87-B367-43660A36F321}.Ad-Hoc|iPhone.ActiveCfg = Ad-Hoc|iPhone
		{3D0EFFB6-8DA0-4C87-B367-43660A36F321}.Ad-Hoc|iPhone.Build.0 = Ad-Hoc|iPhone
		{3D0EFFB6-8DA0-4C87-B367-43660A36F321}.AppStore|iPhone.ActiveCfg = AppStore|iPhone
		{3D0EFFB6-8DA0-4C87-B367-43660A36F321}.AppStore|iPhone.Build.0 = AppStore|iPhone
		{3D0EFFB6-8DA0-4C87-B367-43660A36F321}.Debug|iPhone.ActiveCfg = Debug|iPhone
		{3D0EFFB6-8DA0-4C87-B367-43660A36F321}.Debug|iPhone.Build.0 = Debug|iPhone
		{3D0EFFB6-8DA0-4C87-B367-43660A36F321}.Debug|iPhoneSimulator.ActiveCfg = Debug|iPhoneSimulator
		{3D0EFFB6-8DA0-4C87-B367-43660A36F321}.Debug|iPhoneSimulator.Build.0 = Debug|iPhoneSimulator
		{3D0EFFB6-8DA0-4C87-B367-43660A36F321}.Release|iPhone.ActiveCfg = Release|iPhone
		{3D0EFFB6-8DA0-4C87-B367-43660A36F321}.Release|iPhone.Build.0 = Release|iPhone
		{3D0EFFB6-8DA0-4C87-B367-43660A36F321}.Release|iPhoneSimulator.ActiveCfg = Release|iPhoneSimulator
		{3D0EFFB6-8DA0-4C87-B367-43660A36F321}.Release|iPhoneSimulator.Build.0 = Release|iPhoneSimulator
	EndGlobalSection
	GlobalSection(MonoDevelopProperties) = preSolution
		StartupItem = iPhoneHybrid\iPhoneHybrid.csproj
	EndGlobalSection
EndGlobal
